{
  "name": "moment-timezone-picker",
  "version": "1.0.0",
  "lockfileVersion": 1,
  "requires": true,
  "dependencies": {
    "@ng-select/ng-select": {
      "version": "2.20.0",
      "resolved": "https://registry.npmjs.org/@ng-select/ng-select/-/ng-select-2.20.0.tgz",
      "integrity": "sha512-ltzV25GrgUr2smI7Qn22EO77dfPF/FeNEmGJBSODW5VfL2UItc7GxWjnFqozj5GX/1N7nm5atpFQgHRQR5dPlg==",
      "requires": {
        "tslib": "^1.9.0"
      }
    },
    "moment": {
      "version": "2.24.0",
      "resolved": "https://registry.npmjs.org/moment/-/moment-2.24.0.tgz",
      "integrity": "sha512-bV7f+6l2QigeBBZSM/6yTNq4P2fNpSWj/0e7jQcy87A8e7o2nAfP/34/2ky5Vw4B9S446EtIhodAzkFCcR4dQg=="
    },
    "moment-timezone": {
      "version": "0.5.25",
      "resolved": "https://registry.npmjs.org/moment-timezone/-/moment-timezone-0.5.25.tgz",
      "integrity": "sha512-DgEaTyN/z0HFaVcVbSyVCUU6HeFdnNC3vE4c9cgu2dgMTvjBUBdBzWfasTBmAW45u5OIMeCJtU8yNjM22DHucw==",
      "requires": {
        "moment": ">= 2.9.0"
      }
    },
    "tslib": {
      "version": "1.9.3",
      "resolved": "https://registry.npmjs.org/tslib/-/tslib-1.9.3.tgz",
      "integrity": "sha512-4krF8scpejhaOgqzBEcGM7yDIEfi0/8+8zDRZhNZZ2kjmHJ4hv3zCbQWxoJGz1iw5U0Jl0nma13xzHXcncMavQ=="
    }
  }
}
